
Microsoft Visual Studio Solution File, Format Version 12.00
# Visual Studio Version 17
VisualStudioVersion = 17.0.31903.59
MinimumVisualStudioVersion = 10.0.40219.1
Project("{2150E333-8FDC-42A3-9474-1A3956D46DE8}") = "src", "src", "{827E0CD3-B72D-47B6-A68D-7590B98EB39B}"
EndProject
Project("{FAE04EC0-301F-11D3-BF4B-00C04F79EFBC}") = "Toka.Api", "src\Toka.Api\Toka.Api.csproj", "{BB269434-8BF0-4A77-A23D-CBBC69A21F18}"
EndProject
Project("{FAE04EC0-301F-11D3-BF4B-00C04F79EFBC}") = "Toka.Application", "src\Toka.Application\Toka.Application.csproj", "{D63C55D8-D2DD-4FBA-A2AB-8E60FCBC3534}"
EndProject
Project("{FAE04EC0-301F-11D3-BF4B-00C04F79EFBC}") = "Toka.Domain", "src\Toka.Domain\Toka.Domain.csproj", "{4280121B-0E5C-492F-89FB-A777D2EB6988}"
EndProject
Project("{FAE04EC0-301F-11D3-BF4B-00C04F79EFBC}") = "Toka.Infrastructure", "src\Toka.Infrastructure\Toka.Infrastructure.csproj", "{B93FA0C6-968E-4F79-9A0C-D25994BB151A}"
EndProject
Project("{2150E333-8FDC-42A3-9474-1A3956D46DE8}") = "tests", "tests", "{0AB3BF05-4346-4AA6-1389-037BE0695223}"
EndProject
Project("{FAE04EC0-301F-11D3-BF4B-00C04F79EFBC}") = "Toka.IntegrationTests", "tests\Toka.IntegrationTests\Toka.IntegrationTests.csproj", "{CCD23AAD-C470-463D-BE1B-C45E6D8C97FC}"
EndProject
Project("{FAE04EC0-301F-11D3-BF4B-00C04F79EFBC}") = "Toka.UnitTests", "tests\Toka.UnitTests\Toka.UnitTests.csproj", "{779B3EFB-38EB-41C8-9A9E-EAE067B80497}"
EndProject
Global
	GlobalSection(SolutionConfigurationPlatforms) = preSolution
		Debug|Any CPU = Debug|Any CPU
		Debug|x64 = Debug|x64
		Debug|x86 = Debug|x86
		Release|Any CPU = Release|Any CPU
		Release|x64 = Release|x64
		Release|x86 = Release|x86
	EndGlobalSection
	GlobalSection(ProjectConfigurationPlatforms) = postSolution
		{BB269434-8BF0-4A77-A23D-CBBC69A21F18}.Debug|Any CPU.ActiveCfg = Debug|Any CPU
		{BB269434-8BF0-4A77-A23D-CBBC69A21F18}.Debug|Any CPU.Build.0 = Debug|Any CPU
		{BB269434-8BF0-4A77-A23D-CBBC69A21F18}.Debug|x64.ActiveCfg = Debug|Any CPU
		{BB269434-8BF0-4A77-A23D-CBBC69A21F18}.Debug|x64.Build.0 = Debug|Any CPU
		{BB269434-8BF0-4A77-A23D-CBBC69A21F18}.Debug|x86.ActiveCfg = Debug|Any CPU
		{BB269434-8BF0-4A77-A23D-CBBC69A21F18}.Debug|x86.Build.0 = Debug|Any CPU
		{BB269434-8BF0-4A77-A23D-CBBC69A21F18}.Release|Any CPU.ActiveCfg = Release|Any CPU
		{BB269434-8BF0-4A77-A23D-CBBC69A21F18}.Release|Any CPU.Build.0 = Release|Any CPU
		{BB269434-8BF0-4A77-A23D-CBBC69A21F18}.Release|x64.ActiveCfg = Release|Any CPU
		{BB269434-8BF0-4A77-A23D-CBBC69A21F18}.Release|x64.Build.0 = Release|Any CPU
		{BB269434-8BF0-4A77-A23D-CBBC69A21F18}.Release|x86.ActiveCfg = Release|Any CPU
		{BB269434-8BF0-4A77-A23D-CBBC69A21F18}.Release|x86.Build.0 = Release|Any CPU
		{D63C55D8-D2DD-4FBA-A2AB-8E60FCBC3534}.Debug|Any CPU.ActiveCfg = Debug|Any CPU
		{D63C55D8-D2DD-4FBA-A2AB-8E60FCBC3534}.Debug|Any CPU.Build.0 = Debug|Any CPU
		{D63C55D8-D2DD-4FBA-A2AB-8E60FCBC3534}.Debug|x64.ActiveCfg = Debug|Any CPU
		{D63C55D8-D2DD-4FBA-A2AB-8E60FCBC3534}.Debug|x64.Build.0 = Debug|Any CPU
		{D63C55D8-D2DD-4FBA-A2AB-8E60FCBC3534}.Debug|x86.ActiveCfg = Debug|Any CPU
		{D63C55D8-D2DD-4FBA-A2AB-8E60FCBC3534}.Debug|x86.Build.0 = Debug|Any CPU
		{D63C55D8-D2DD-4FBA-A2AB-8E60FCBC3534}.Release|Any CPU.ActiveCfg = Release|Any CPU
		{D63C55D8-D2DD-4FBA-A2AB-8E60FCBC3534}.Release|Any CPU.Build.0 = Release|Any CPU
		{D63C55D8-D2DD-4FBA-A2AB-8E60FCBC3534}.Release|x64.ActiveCfg = Release|Any CPU
		{D63C55D8-D2DD-4FBA-A2AB-8E60FCBC3534}.Release|x64.Build.0 = Release|Any CPU
		{D63C55D8-D2DD-4FBA-A2AB-8E60FCBC3534}.Release|x86.ActiveCfg = Release|Any CPU
		{D63C55D8-D2DD-4FBA-A2AB-8E60FCBC3534}.Release|x86.Build.0 = Release|Any CPU
		{4280121B-0E5C-492F-89FB-A777D2EB6988}.Debug|Any CPU.ActiveCfg = Debug|Any CPU
		{4280121B-0E5C-492F-89FB-A777D2EB6988}.Debug|Any CPU.Build.0 = Debug|Any CPU
		{4280121B-0E5C-492F-89FB-A777D2EB6988}.Debug|x64.ActiveCfg = Debug|Any CPU
		{4280121B-0E5C-492F-89FB-A777D2EB6988}.Debug|x64.Build.0 = Debug|Any CPU
		{4280121B-0E5C-492F-89FB-A777D2EB6988}.Debug|x86.ActiveCfg = Debug|Any CPU
		{4280121B-0E5C-492F-89FB-A777D2EB6988}.Debug|x86.Build.0 = Debug|Any CPU
		{4280121B-0E5C-492F-89FB-A777D2EB6988}.Release|Any CPU.ActiveCfg = Release|Any CPU
		{4280121B-0E5C-492F-89FB-A777D2EB6988}.Release|Any CPU.Build.0 = Release|Any CPU
		{4280121B-0E5C-492F-89FB-A777D2EB6988}.Release|x64.ActiveCfg = Release|Any CPU
		{4280121B-0E5C-492F-89FB-A777D2EB6988}.Release|x64.Build.0 = Release|Any CPU
		{4280121B-0E5C-492F-89FB-A777D2EB6988}.Release|x86.ActiveCfg = Release|Any CPU
		{4280121B-0E5C-492F-89FB-A777D2EB6988}.Release|x86.Build.0 = Release|Any CPU
		{B93FA0C6-968E-4F79-9A0C-D25994BB151A}.Debug|Any CPU.ActiveCfg = Debug|Any CPU
		{B93FA0C6-968E-4F79-9A0C-D25994BB151A}.Debug|Any CPU.Build.0 = Debug|Any CPU
		{B93FA0C6-968E-4F79-9A0C-D25994BB151A}.Debug|x64.ActiveCfg = Debug|Any CPU
		{B93FA0C6-968E-4F79-9A0C-D25994BB151A}.Debug|x64.Build.0 = Debug|Any CPU
		{B93FA0C6-968E-4F79-9A0C-D25994BB151A}.Debug|x86.ActiveCfg = Debug|Any CPU
		{B93FA0C6-968E-4F79-9A0C-D25994BB151A}.Debug|x86.Build.0 = Debug|Any CPU
		{B93FA0C6-968E-4F79-9A0C-D25994BB151A}.Release|Any CPU.ActiveCfg = Release|Any CPU
		{B93FA0C6-968E-4F79-9A0C-D25994BB151A}.Release|Any CPU.Build.0 = Release|Any CPU
		{B93FA0C6-968E-4F79-9A0C-D25994BB151A}.Release|x64.ActiveCfg = Release|Any CPU
		{B93FA0C6-968E-4F79-9A0C-D25994BB151A}.Release|x64.Build.0 = Release|Any CPU
		{B93FA0C6-968E-4F79-9A0C-D25994BB151A}.Release|x86.ActiveCfg = Release|Any CPU
		{B93FA0C6-968E-4F79-9A0C-D25994BB151A}.Release|x86.Build.0 = Release|Any CPU
		{CCD23AAD-C470-463D-BE1B-C45E6D8C97FC}.Debug|Any CPU.ActiveCfg = Debug|Any CPU
		{CCD23AAD-C470-463D-BE1B-C45E6D8C97FC}.Debug|Any CPU.Build.0 = Debug|Any CPU
		{CCD23AAD-C470-463D-BE1B-C45E6D8C97FC}.Debug|x64.ActiveCfg = Debug|Any CPU
		{CCD23AAD-C470-463D-BE1B-C45E6D8C97FC}.Debug|x64.Build.0 = Debug|Any CPU
		{CCD23AAD-C470-463D-BE1B-C45E6D8C97FC}.Debug|x86.ActiveCfg = Debug|Any CPU
		{CCD23AAD-C470-463D-BE1B-C45E6D8C97FC}.Debug|x86.Build.0 = Debug|Any CPU
		{CCD23AAD-C470-463D-BE1B-C45E6D8C97FC}.Release|Any CPU.ActiveCfg = Release|Any CPU
		{CCD23AAD-C470-463D-BE1B-C45E6D8C97FC}.Release|Any CPU.Build.0 = Release|Any CPU
		{CCD23AAD-C470-463D-BE1B-C45E6D8C97FC}.Release|x64.ActiveCfg = Release|Any CPU
		{CCD23AAD-C470-463D-BE1B-C45E6D8C97FC}.Release|x64.Build.0 = Release|Any CPU
		{CCD23AAD-C470-463D-BE1B-C45E6D8C97FC}.Release|x86.ActiveCfg = Release|Any CPU
		{CCD23AAD-C470-463D-BE1B-C45E6D8C97FC}.Release|x86.Build.0 = Release|Any CPU
		{779B3EFB-38EB-41C8-9A9E-EAE067B80497}.Debug|Any CPU.ActiveCfg = Debug|Any CPU
		{779B3EFB-38EB-41C8-9A9E-EAE067B80497}.Debug|Any CPU.Build.0 = Debug|Any CPU
		{779B3EFB-38EB-41C8-9A9E-EAE067B80497}.Debug|x64.ActiveCfg = Debug|Any CPU
		{779B3EFB-38EB-41C8-9A9E-EAE067B80497}.Debug|x64.Build.0 = Debug|Any CPU
		{779B3EFB-38EB-41C8-9A9E-EAE067B80497}.Debug|x86.ActiveCfg = Debug|Any CPU
		{779B3EFB-38EB-41C8-9A9E-EAE067B80497}.Debug|x86.Build.0 = Debug|Any CPU
		{779B3EFB-38EB-41C8-9A9E-EAE067B80497}.Release|Any CPU.ActiveCfg = Release|Any CPU
		{779B3EFB-38EB-41C8-9A9E-EAE067B80497}.Release|Any CPU.Build.0 = Release|Any CPU
		{779B3EFB-38EB-41C8-9A9E-EAE067B80497}.Release|x64.ActiveCfg = Release|Any CPU
		{779B3EFB-38EB-41C8-9A9E-EAE067B80497}.Release|x64.Build.0 = Release|Any CPU
		{779B3EFB-38EB-41C8-9A9E-EAE067B80497}.Release|x86.ActiveCfg = Release|Any CPU
		{779B3EFB-38EB-41C8-9A9E-EAE067B80497}.Release|x86.Build.0 = Release|Any CPU
	EndGlobalSection
	GlobalSection(SolutionProperties) = preSolution
		HideSolutionNode = FALSE
	EndGlobalSection
	GlobalSection(NestedProjects) = preSolution
		{BB269434-8BF0-4A77-A23D-CBBC69A21F18} = {827E0CD3-B72D-47B6-A68D-7590B98EB39B}
		{D63C55D8-D2DD-4FBA-A2AB-8E60FCBC3534} = {827E0CD3-B72D-47B6-A68D-7590B98EB39B}
		{4280121B-0E5C-492F-89FB-A777D2EB6988} = {827E0CD3-B72D-47B6-A68D-7590B98EB39B}
		{B93FA0C6-968E-4F79-9A0C-D25994BB151A} = {827E0CD3-B72D-47B6-A68D-7590B98EB39B}
		{CCD23AAD-C470-463D-BE1B-C45E6D8C97FC} = {0AB3BF05-4346-4AA6-1389-037BE0695223}
		{779B3EFB-38EB-41C8-9A9E-EAE067B80497} = {0AB3BF05-4346-4AA6-1389-037BE0695223}
	EndGlobalSection
EndGlobal
